// !$*UTF8*$!
{
	archiveVersion = 1;
	classes = {
	};
	objectVersion = 46;
	objects = {

/* Begin PBXBuildFile section */
		30B8638F9810FF0BEC19B273 /* Pods_Borders.framework in Frameworks */ = {isa = PBXBuildFile; fileRef = 91EAEC2CFEEF194571CECDCC /* Pods_Borders.framework */; };
		82043A801C54EF7D0097CF7F /* AppDelegate.swift in Sources */ = {isa = PBXBuildFile; fileRef = 82043A7F1C54EF7D0097CF7F /* AppDelegate.swift */; };
		82043A871C54EF7D0097CF7F /* Assets.xcassets in Resources */ = {isa = PBXBuildFile; fileRef = 82043A861C54EF7D0097CF7F /* Assets.xcassets */; };
		82043A8A1C54EF7D0097CF7F /* LaunchScreen.storyboard in Resources */ = {isa = PBXBuildFile; fileRef = 82043A881C54EF7D0097CF7F /* LaunchScreen.storyboard */; };
		82043AA11C54F1D00097CF7F /* BordersViewController.swift in Sources */ = {isa = PBXBuildFile; fileRef = 82043AA01C54F1D00097CF7F /* BordersViewController.swift */; };
		82043AA31C54F1F50097CF7F /* BordersViewModel.swift in Sources */ = {isa = PBXBuildFile; fileRef = 82043AA21C54F1F50097CF7F /* BordersViewModel.swift */; };
		82043AAA1C55147A0097CF7F /* UITableViewHelpers.swift in Sources */ = {isa = PBXBuildFile; fileRef = 82043AA91C55147A0097CF7F /* UITableViewHelpers.swift */; };
		82043AAF1C5528690097CF7F /* BorderCell.swift in Sources */ = {isa = PBXBuildFile; fileRef = 82043AAD1C5528690097CF7F /* BorderCell.swift */; };
		82043AB01C5528690097CF7F /* BorderCell.xib in Resources */ = {isa = PBXBuildFile; fileRef = 82043AAE1C5528690097CF7F /* BorderCell.xib */; };
		82043AB51C552DB30097CF7F /* Resource.swift in Sources */ = {isa = PBXBuildFile; fileRef = 82043AB41C552DB30097CF7F /* Resource.swift */; };
		82043AB71C5530780097CF7F /* APIClient.swift in Sources */ = {isa = PBXBuildFile; fileRef = 82043AB61C5530780097CF7F /* APIClient.swift */; };
		82043AB91C5533210097CF7F /* JSONDecodable.swift in Sources */ = {isa = PBXBuildFile; fileRef = 82043AB81C5533210097CF7F /* JSONDecodable.swift */; };
		82043ABD1C5535AE0097CF7F /* CountriesAPI.swift in Sources */ = {isa = PBXBuildFile; fileRef = 82043ABC1C5535AE0097CF7F /* CountriesAPI.swift */; };
		82043ABF1C553AF60097CF7F /* Country.swift in Sources */ = {isa = PBXBuildFile; fileRef = 82043ABE1C553AF60097CF7F /* Country.swift */; };
		82043AC11C5543D40097CF7F /* CountryTests.swift in Sources */ = {isa = PBXBuildFile; fileRef = 82043AC01C5543D40097CF7F /* CountryTests.swift */; };
		82043AC31C55464C0097CF7F /* CountriesAPITests.swift in Sources */ = {isa = PBXBuildFile; fileRef = 82043AC21C55464C0097CF7F /* CountriesAPITests.swift */; };
		82043AC51C5549DC0097CF7F /* ResourceTests.swift in Sources */ = {isa = PBXBuildFile; fileRef = 82043AC41C5549DC0097CF7F /* ResourceTests.swift */; };
		82043AC71C554A6E0097CF7F /* APIClientTests.swift in Sources */ = {isa = PBXBuildFile; fileRef = 82043AC61C554A6E0097CF7F /* APIClientTests.swift */; };
		82043AC91C554C400097CF7F /* test.json in Resources */ = {isa = PBXBuildFile; fileRef = 82043AC81C554C400097CF7F /* test.json */; };
		A60C0EE3777219ACD7FC4C09 /* Pods_BordersTests.framework in Frameworks */ = {isa = PBXBuildFile; fileRef = A9E78C287567D465A3DFF957 /* Pods_BordersTests.framework */; };
/* End PBXBuildFile section */

/* Begin PBXContainerItemProxy section */
		82043A911C54EF7D0097CF7F /* PBXContainerItemProxy */ = {
			isa = PBXContainerItemProxy;
			containerPortal = 82043A741C54EF7D0097CF7F /* Project object */;
			proxyType = 1;
			remoteGlobalIDString = 82043A7B1C54EF7D0097CF7F;
			remoteInfo = Borders;
		};
/* End PBXContainerItemProxy section */

/* Begin PBXFileReference section */
		5C2E938776CDF78713D2857A /* Pods-BordersTests.debug.xcconfig */ = {isa = PBXFileReference; includeInIndex = 1; lastKnownFileType = text.xcconfig; name = "Pods-BordersTests.debug.xcconfig"; path = "Target Support Files/Pods-BordersTests/Pods-BordersTests.debug.xcconfig"; sourceTree = "<group>"; };
		641593A872A8C4C067C95395 /* Pods-Borders.release.xcconfig */ = {isa = PBXFileReference; includeInIndex = 1; lastKnownFileType = text.xcconfig; name = "Pods-Borders.release.xcconfig"; path = "Target Support Files/Pods-Borders/Pods-Borders.release.xcconfig"; sourceTree = "<group>"; };
		82043A7C1C54EF7D0097CF7F /* Borders.app */ = {isa = PBXFileReference; explicitFileType = wrapper.application; includeInIndex = 0; path = Borders.app; sourceTree = BUILT_PRODUCTS_DIR; };
		82043A7F1C54EF7D0097CF7F /* AppDelegate.swift */ = {isa = PBXFileReference; lastKnownFileType = sourcecode.swift; path = AppDelegate.swift; sourceTree = "<group>"; };
		82043A861C54EF7D0097CF7F /* Assets.xcassets */ = {isa = PBXFileReference; lastKnownFileType = folder.assetcatalog; path = Assets.xcassets; sourceTree = "<group>"; };
		82043A891C54EF7D0097CF7F /* Base */ = {isa = PBXFileReference; lastKnownFileType = file.storyboard; name = Base; path = Base.lproj/LaunchScreen.storyboard; sourceTree = "<group>"; };
		82043A8B1C54EF7D0097CF7F /* Info.plist */ = {isa = PBXFileReference; lastKnownFileType = text.plist.xml; path = Info.plist; sourceTree = "<group>"; };
		82043A901C54EF7D0097CF7F /* BordersTests.xctest */ = {isa = PBXFileReference; explicitFileType = wrapper.cfbundle; includeInIndex = 0; path = BordersTests.xctest; sourceTree = BUILT_PRODUCTS_DIR; };
		82043A961C54EF7D0097CF7F /* Info.plist */ = {isa = PBXFileReference; lastKnownFileType = text.plist.xml; path = Info.plist; sourceTree = "<group>"; };
		82043AA01C54F1D00097CF7F /* BordersViewController.swift */ = {isa = PBXFileReference; fileEncoding = 4; lastKnownFileType = sourcecode.swift; path = BordersViewController.swift; sourceTree = "<group>"; };
		82043AA21C54F1F50097CF7F /* BordersViewModel.swift */ = {isa = PBXFileReference; fileEncoding = 4; lastKnownFileType = sourcecode.swift; path = BordersViewModel.swift; sourceTree = "<group>"; };
		82043AA91C55147A0097CF7F /* UITableViewHelpers.swift */ = {isa = PBXFileReference; fileEncoding = 4; lastKnownFileType = sourcecode.swift; path = UITableViewHelpers.swift; sourceTree = "<group>"; };
		82043AAD1C5528690097CF7F /* BorderCell.swift */ = {isa = PBXFileReference; fileEncoding = 4; lastKnownFileType = sourcecode.swift; path = BorderCell.swift; sourceTree = "<group>"; };
		82043AAE1C5528690097CF7F /* BorderCell.xib */ = {isa = PBXFileReference; fileEncoding = 4; lastKnownFileType = file.xib; path = BorderCell.xib; sourceTree = "<group>"; };
		82043AB41C552DB30097CF7F /* Resource.swift */ = {isa = PBXFileReference; fileEncoding = 4; lastKnownFileType = sourcecode.swift; path = Resource.swift; sourceTree = "<group>"; };
		82043AB61C5530780097CF7F /* APIClient.swift */ = {isa = PBXFileReference; fileEncoding = 4; lastKnownFileType = sourcecode.swift; path = APIClient.swift; sourceTree = "<group>"; };
		82043AB81C5533210097CF7F /* JSONDecodable.swift */ = {isa = PBXFileReference; fileEncoding = 4; lastKnownFileType = sourcecode.swift; path = JSONDecodable.swift; sourceTree = "<group>"; };
		82043ABC1C5535AE0097CF7F /* CountriesAPI.swift */ = {isa = PBXFileReference; fileEncoding = 4; lastKnownFileType = sourcecode.swift; path = CountriesAPI.swift; sourceTree = "<group>"; };
		82043ABE1C553AF60097CF7F /* Country.swift */ = {isa = PBXFileReference; fileEncoding = 4; lastKnownFileType = sourcecode.swift; path = Country.swift; sourceTree = "<group>"; };
		82043AC01C5543D40097CF7F /* CountryTests.swift */ = {isa = PBXFileReference; fileEncoding = 4; lastKnownFileType = sourcecode.swift; path = CountryTests.swift; sourceTree = "<group>"; };
		82043AC21C55464C0097CF7F /* CountriesAPITests.swift */ = {isa = PBXFileReference; fileEncoding = 4; lastKnownFileType = sourcecode.swift; path = CountriesAPITests.swift; sourceTree = "<group>"; };
		82043AC41C5549DC0097CF7F /* ResourceTests.swift */ = {isa = PBXFileReference; fileEncoding = 4; lastKnownFileType = sourcecode.swift; path = ResourceTests.swift; sourceTree = "<group>"; };
		82043AC61C554A6E0097CF7F /* APIClientTests.swift */ = {isa = PBXFileReference; fileEncoding = 4; lastKnownFileType = sourcecode.swift; path = APIClientTests.swift; sourceTree = "<group>"; };
		82043AC81C554C400097CF7F /* test.json */ = {isa = PBXFileReference; fileEncoding = 4; lastKnownFileType = text.json; path = test.json; sourceTree = "<group>"; };
		91EAEC2CFEEF194571CECDCC /* Pods_Borders.framework */ = {isa = PBXFileReference; explicitFileType = wrapper.framework; includeInIndex = 0; path = Pods_Borders.framework; sourceTree = BUILT_PRODUCTS_DIR; };
		97E5ED852F2599DE645CBD05 /* Pods-Borders.debug.xcconfig */ = {isa = PBXFileReference; includeInIndex = 1; lastKnownFileType = text.xcconfig; name = "Pods-Borders.debug.xcconfig"; path = "Target Support Files/Pods-Borders/Pods-Borders.debug.xcconfig"; sourceTree = "<group>"; };
		A9E78C287567D465A3DFF957 /* Pods_BordersTests.framework */ = {isa = PBXFileReference; explicitFileType = wrapper.framework; includeInIndex = 0; path = Pods_BordersTests.framework; sourceTree = BUILT_PRODUCTS_DIR; };
		EE728031EE8B72B668FB04C1 /* Pods-BordersTests.release.xcconfig */ = {isa = PBXFileReference; includeInIndex = 1; lastKnownFileType = text.xcconfig; name = "Pods-BordersTests.release.xcconfig"; path = "Target Support Files/Pods-BordersTests/Pods-BordersTests.release.xcconfig"; sourceTree = "<group>"; };
/* End PBXFileReference section */

/* Begin PBXFrameworksBuildPhase section */
		82043A791C54EF7D0097CF7F /* Frameworks */ = {
			isa = PBXFrameworksBuildPhase;
			buildActionMask = 2147483647;
			files = (
				30B8638F9810FF0BEC19B273 /* Pods_Borders.framework in Frameworks */,
			);
			runOnlyForDeploymentPostprocessing = 0;
		};
		82043A8D1C54EF7D0097CF7F /* Frameworks */ = {
			isa = PBXFrameworksBuildPhase;
			buildActionMask = 2147483647;
			files = (
				A60C0EE3777219ACD7FC4C09 /* Pods_BordersTests.framework in Frameworks */,
			);
			runOnlyForDeploymentPostprocessing = 0;
		};
/* End PBXFrameworksBuildPhase section */

/* Begin PBXGroup section */
		513266568D08E58AF7D13000 /* Pods */ = {
			isa = PBXGroup;
			children = (
				97E5ED852F2599DE645CBD05 /* Pods-Borders.debug.xcconfig */,
				641593A872A8C4C067C95395 /* Pods-Borders.release.xcconfig */,
				5C2E938776CDF78713D2857A /* Pods-BordersTests.debug.xcconfig */,
				EE728031EE8B72B668FB04C1 /* Pods-BordersTests.release.xcconfig */,
			);
			path = Pods;
			sourceTree = "<group>";
		};
		82043A731C54EF7D0097CF7F = {
			isa = PBXGroup;
			children = (
				82043A7E1C54EF7D0097CF7F /* Borders */,
				82043A931C54EF7D0097CF7F /* BordersTests */,
				82043A7D1C54EF7D0097CF7F /* Products */,
				513266568D08E58AF7D13000 /* Pods */,
				9681C0688BE7367F4CA03CE7 /* Frameworks */,
			);
			sourceTree = "<group>";
		};
		82043A7D1C54EF7D0097CF7F /* Products */ = {
			isa = PBXGroup;
			children = (
				82043A7C1C54EF7D0097CF7F /* Borders.app */,
				82043A901C54EF7D0097CF7F /* BordersTests.xctest */,
			);
			name = Products;
			sourceTree = "<group>";
		};
		82043A7E1C54EF7D0097CF7F /* Borders */ = {
			isa = PBXGroup;
			children = (
				82043AB31C552CFB0097CF7F /* API */,
				82043A9F1C54F0BD0097CF7F /* UI */,
				82043A861C54EF7D0097CF7F /* Assets.xcassets */,
				82043A881C54EF7D0097CF7F /* LaunchScreen.storyboard */,
				82043A8B1C54EF7D0097CF7F /* Info.plist */,
			);
			path = Borders;
			sourceTree = "<group>";
		};
		82043A931C54EF7D0097CF7F /* BordersTests */ = {
			isa = PBXGroup;
			children = (
				82043A961C54EF7D0097CF7F /* Info.plist */,
				82043AC21C55464C0097CF7F /* CountriesAPITests.swift */,
				82043AC01C5543D40097CF7F /* CountryTests.swift */,
				82043AC41C5549DC0097CF7F /* ResourceTests.swift */,
				82043AC61C554A6E0097CF7F /* APIClientTests.swift */,
				82043AC81C554C400097CF7F /* test.json */,
			);
			path = BordersTests;
			sourceTree = "<group>";
		};
		82043A9F1C54F0BD0097CF7F /* UI */ = {
			isa = PBXGroup;
			children = (
				82043AA81C55145D0097CF7F /* Helpers */,
				82043A7F1C54EF7D0097CF7F /* AppDelegate.swift */,
				82043AA01C54F1D00097CF7F /* BordersViewController.swift */,
				82043AA21C54F1F50097CF7F /* BordersViewModel.swift */,
				82043AAD1C5528690097CF7F /* BorderCell.swift */,
				82043AAE1C5528690097CF7F /* BorderCell.xib */,
			);
			name = UI;
			sourceTree = "<group>";
		};
		82043AA81C55145D0097CF7F /* Helpers */ = {
			isa = PBXGroup;
			children = (
				82043AA91C55147A0097CF7F /* UITableViewHelpers.swift */,
			);
			name = Helpers;
			sourceTree = "<group>";
		};
		82043AB31C552CFB0097CF7F /* API */ = {
			isa = PBXGroup;
			children = (
				82043ABB1C5535870097CF7F /* Countries */,
				82043ABA1C55357B0097CF7F /* Core */,
			);
			name = API;
			sourceTree = "<group>";
		};
		82043ABA1C55357B0097CF7F /* Core */ = {
			isa = PBXGroup;
			children = (
				82043AB41C552DB30097CF7F /* Resource.swift */,
				82043AB61C5530780097CF7F /* APIClient.swift */,
				82043AB81C5533210097CF7F /* JSONDecodable.swift */,
			);
			name = Core;
			sourceTree = "<group>";
		};
		82043ABB1C5535870097CF7F /* Countries */ = {
			isa = PBXGroup;
			children = (
				82043ABC1C5535AE0097CF7F /* CountriesAPI.swift */,
				82043ABE1C553AF60097CF7F /* Country.swift */,
			);
			name = Countries;
			sourceTree = "<group>";
		};
		9681C0688BE7367F4CA03CE7 /* Frameworks */ = {
			isa = PBXGroup;
			children = (
				91EAEC2CFEEF194571CECDCC /* Pods_Borders.framework */,
				A9E78C287567D465A3DFF957 /* Pods_BordersTests.framework */,
			);
			name = Frameworks;
			sourceTree = "<group>";
		};
/* End PBXGroup section */

/* Begin PBXNativeTarget section */
		82043A7B1C54EF7D0097CF7F /* Borders */ = {
			isa = PBXNativeTarget;
			buildConfigurationList = 82043A991C54EF7D0097CF7F /* Build configuration list for PBXNativeTarget "Borders" */;
			buildPhases = (
				85A0F1323AF30B0EDED5DF34 /* [CP] Check Pods Manifest.lock */,
				82043A781C54EF7D0097CF7F /* Sources */,
				82043A791C54EF7D0097CF7F /* Frameworks */,
				82043A7A1C54EF7D0097CF7F /* Resources */,
				8AC09A5475111F8557122D6A /* [CP] Embed Pods Frameworks */,
			);
			buildRules = (
			);
			dependencies = (
			);
			name = Borders;
			productName = Borders;
			productReference = 82043A7C1C54EF7D0097CF7F /* Borders.app */;
			productType = "com.apple.product-type.application";
		};
		82043A8F1C54EF7D0097CF7F /* BordersTests */ = {
			isa = PBXNativeTarget;
			buildConfigurationList = 82043A9C1C54EF7D0097CF7F /* Build configuration list for PBXNativeTarget "BordersTests" */;
			buildPhases = (
				E403E613B5CDAFB0352F0A41 /* [CP] Check Pods Manifest.lock */,
				82043A8C1C54EF7D0097CF7F /* Sources */,
				82043A8D1C54EF7D0097CF7F /* Frameworks */,
				82043A8E1C54EF7D0097CF7F /* Resources */,
				DD04B432B7010BF1F6E7D9CE /* [CP] Embed Pods Frameworks */,
			);
			buildRules = (
			);
			dependencies = (
				82043A921C54EF7D0097CF7F /* PBXTargetDependency */,
			);
			name = BordersTests;
			productName = BordersTests;
			productReference = 82043A901C54EF7D0097CF7F /* BordersTests.xctest */;
			productType = "com.apple.product-type.bundle.unit-test";
		};
/* End PBXNativeTarget section */

/* Begin PBXProject section */
		82043A741C54EF7D0097CF7F /* Project object */ = {
			isa = PBXProject;
			attributes = {
				LastSwiftUpdateCheck = 0720;
				LastUpgradeCheck = 1020;
				ORGANIZATIONNAME = "Guillermo Gonzalez";
				TargetAttributes = {
					82043A7B1C54EF7D0097CF7F = {
						CreatedOnToolsVersion = 7.2;
					};
					82043A8F1C54EF7D0097CF7F = {
						CreatedOnToolsVersion = 7.2;
						TestTargetID = 82043A7B1C54EF7D0097CF7F;
					};
				};
			};
			buildConfigurationList = 82043A771C54EF7D0097CF7F /* Build configuration list for PBXProject "Borders" */;
			compatibilityVersion = "Xcode 3.2";
			developmentRegion = en;
			hasScannedForEncodings = 0;
			knownRegions = (
				en,
				Base,
			);
			mainGroup = 82043A731C54EF7D0097CF7F;
			productRefGroup = 82043A7D1C54EF7D0097CF7F /* Products */;
			projectDirPath = "";
			projectRoot = "";
			targets = (
				82043A7B1C54EF7D0097CF7F /* Borders */,
				82043A8F1C54EF7D0097CF7F /* BordersTests */,
			);
		};
/* End PBXProject section */

/* Begin PBXResourcesBuildPhase section */
		82043A7A1C54EF7D0097CF7F /* Resources */ = {
			isa = PBXResourcesBuildPhase;
			buildActionMask = 2147483647;
			files = (
				82043AB01C5528690097CF7F /* BorderCell.xib in Resources */,
				82043A8A1C54EF7D0097CF7F /* LaunchScreen.storyboard in Resources */,
				82043A871C54EF7D0097CF7F /* Assets.xcassets in Resources */,
			);
			runOnlyForDeploymentPostprocessing = 0;
		};
		82043A8E1C54EF7D0097CF7F /* Resources */ = {
			isa = PBXResourcesBuildPhase;
			buildActionMask = 2147483647;
			files = (
				82043AC91C554C400097CF7F /* test.json in Resources */,
			);
			runOnlyForDeploymentPostprocessing = 0;
		};
/* End PBXResourcesBuildPhase section */

/* Begin PBXShellScriptBuildPhase section */
		85A0F1323AF30B0EDED5DF34 /* [CP] Check Pods Manifest.lock */ = {
			isa = PBXShellScriptBuildPhase;
			buildActionMask = 2147483647;
			files = (
			);
			inputFileListPaths = (
			);
			inputPaths = (
				"${PODS_PODFILE_DIR_PATH}/Podfile.lock",
				"${PODS_ROOT}/Manifest.lock",
			);
			name = "[CP] Check Pods Manifest.lock";
			outputFileListPaths = (
			);
			outputPaths = (
				"$(DERIVED_FILE_DIR)/Pods-Borders-checkManifestLockResult.txt",
			);
			runOnlyForDeploymentPostprocessing = 0;
			shellPath = /bin/sh;
			shellScript = "diff \"${PODS_PODFILE_DIR_PATH}/Podfile.lock\" \"${PODS_ROOT}/Manifest.lock\" > /dev/null\nif [ $? != 0 ] ; then\n    # print error to STDERR\n    echo \"error: The sandbox is not in sync with the Podfile.lock. Run 'pod install' or update your CocoaPods installation.\" >&2\n    exit 1\nfi\n# This output is used by Xcode 'outputs' to avoid re-running this script phase.\necho \"SUCCESS\" > \"${SCRIPT_OUTPUT_FILE_0}\"\n";
			showEnvVarsInLog = 0;
		};
		8AC09A5475111F8557122D6A /* [CP] Embed Pods Frameworks */ = {
			isa = PBXShellScriptBuildPhase;
			buildActionMask = 2147483647;
			files = (
			);
			inputFileListPaths = (
			);
			inputPaths = (
				"${PODS_ROOT}/Target Support Files/Pods-Borders/Pods-Borders-frameworks.sh",
				"${BUILT_PRODUCTS_DIR}/RxAtomic/RxAtomic.framework",
				"${BUILT_PRODUCTS_DIR}/RxCocoa/RxCocoa.framework",
				"${BUILT_PRODUCTS_DIR}/RxSwift/RxSwift.framework",
			);
			name = "[CP] Embed Pods Frameworks";
			outputFileListPaths = (
			);
			outputPaths = (
				"${TARGET_BUILD_DIR}/${FRAMEWORKS_FOLDER_PATH}/RxAtomic.framework",
				"${TARGET_BUILD_DIR}/${FRAMEWORKS_FOLDER_PATH}/RxCocoa.framework",
				"${TARGET_BUILD_DIR}/${FRAMEWORKS_FOLDER_PATH}/RxSwift.framework",
			);
			runOnlyForDeploymentPostprocessing = 0;
			shellPath = /bin/sh;
			shellScript = "\"${PODS_ROOT}/Target Support Files/Pods-Borders/Pods-Borders-frameworks.sh\"\n";
			showEnvVarsInLog = 0;
		};
		DD04B432B7010BF1F6E7D9CE /* [CP] Embed Pods Frameworks */ = {
			isa = PBXShellScriptBuildPhase;
			buildActionMask = 2147483647;
			files = (
			);
			inputFileListPaths = (
			);
			inputPaths = (
				"${PODS_ROOT}/Target Support Files/Pods-BordersTests/Pods-BordersTests-frameworks.sh",
				"${BUILT_PRODUCTS_DIR}/RxAtomic/RxAtomic.framework",
				"${BUILT_PRODUCTS_DIR}/RxCocoa/RxCocoa.framework",
				"${BUILT_PRODUCTS_DIR}/RxSwift/RxSwift.framework",
				"${BUILT_PRODUCTS_DIR}/OHHTTPStubs/OHHTTPStubs.framework",
			);
			name = "[CP] Embed Pods Frameworks";
			outputFileListPaths = (
			);
			outputPaths = (
				"${TARGET_BUILD_DIR}/${FRAMEWORKS_FOLDER_PATH}/RxAtomic.framework",
				"${TARGET_BUILD_DIR}/${FRAMEWORKS_FOLDER_PATH}/RxCocoa.framework",
				"${TARGET_BUILD_DIR}/${FRAMEWORKS_FOLDER_PATH}/RxSwift.framework",
				"${TARGET_BUILD_DIR}/${FRAMEWORKS_FOLDER_PATH}/OHHTTPStubs.framework",
			);
			runOnlyForDeploymentPostprocessing = 0;
			shellPath = /bin/sh;
			shellScript = "\"${PODS_ROOT}/Target Support Files/Pods-BordersTests/Pods-BordersTests-frameworks.sh\"\n";
			showEnvVarsInLog = 0;
		};
		E403E613B5CDAFB0352F0A41 /* [CP] Check Pods Manifest.lock */ = {
			isa = PBXShellScriptBuildPhase;
			buildActionMask = 2147483647;
			files = (
			);
			inputFileListPaths = (
			);
			inputPaths = (
				"${PODS_PODFILE_DIR_PATH}/Podfile.lock",
				"${PODS_ROOT}/Manifest.lock",
			);
			name = "[CP] Check Pods Manifest.lock";
			outputFileListPaths = (
			);
			outputPaths = (
				"$(DERIVED_FILE_DIR)/Pods-BordersTests-checkManifestLockResult.txt",
			);
			runOnlyForDeploymentPostprocessing = 0;
			shellPath = /bin/sh;
			shellScript = "diff \"${PODS_PODFILE_DIR_PATH}/Podfile.lock\" \"${PODS_ROOT}/Manifest.lock\" > /dev/null\nif [ $? != 0 ] ; then\n    # print error to STDERR\n    echo \"error: The sandbox is not in sync with the Podfile.lock. Run 'pod install' or update your CocoaPods installation.\" >&2\n    exit 1\nfi\n# This output is used by Xcode 'outputs' to avoid re-running this script phase.\necho \"SUCCESS\" > \"${SCRIPT_OUTPUT_FILE_0}\"\n";
			showEnvVarsInLog = 0;
		};
/* End PBXShellScriptBuildPhase section */

/* Begin PBXSourcesBuildPhase section */
		82043A781C54EF7D0097CF7F /* Sources */ = {
			isa = PBXSourcesBuildPhase;
			buildActionMask = 2147483647;
			files = (
				82043AA11C54F1D00097CF7F /* BordersViewController.swift in Sources */,
				82043AB71C5530780097CF7F /* APIClient.swift in Sources */,
				82043A801C54EF7D0097CF7F /* AppDelegate.swift in Sources */,
				82043AB91C5533210097CF7F /* JSONDecodable.swift in Sources */,
				82043ABD1C5535AE0097CF7F /* CountriesAPI.swift in Sources */,
				82043AA31C54F1F50097CF7F /* BordersViewModel.swift in Sources */,
				82043AB51C552DB30097CF7F /* Resource.swift in Sources */,
				82043AAA1C55147A0097CF7F /* UITableViewHelpers.swift in Sources */,
				82043ABF1C553AF60097CF7F /* Country.swift in Sources */,
				82043AAF1C5528690097CF7F /* BorderCell.swift in Sources */,
			);
			runOnlyForDeploymentPostprocessing = 0;
		};
		82043A8C1C54EF7D0097CF7F /* Sources */ = {
			isa = PBXSourcesBuildPhase;
			buildActionMask = 2147483647;
			files = (
				82043AC11C5543D40097CF7F /* CountryTests.swift in Sources */,
				82043AC51C5549DC0097CF7F /* ResourceTests.swift in Sources */,
				82043AC31C55464C0097CF7F /* CountriesAPITests.swift in Sources */,
				82043AC71C554A6E0097CF7F /* APIClientTests.swift in Sources */,
			);
			runOnlyForDeploymentPostprocessing = 0;
		};
/* End PBXSourcesBuildPhase section */

/* Begin PBXTargetDependency section */
		82043A921C54EF7D0097CF7F /* PBXTargetDependency */ = {
			isa = PBXTargetDependency;
			target = 82043A7B1C54EF7D0097CF7F /* Borders */;
			targetProxy = 82043A911C54EF7D0097CF7F /* PBXContainerItemProxy */;
		};
/* End PBXTargetDependency section */

/* Begin PBXVariantGroup section */
		82043A881C54EF7D0097CF7F /* LaunchScreen.storyboard */ = {
			isa = PBXVariantGroup;
			children = (
				82043A891C54EF7D0097CF7F /* Base */,
			);
			name = LaunchScreen.storyboard;
			sourceTree = "<group>";
		};
/* End PBXVariantGroup section */

/* Begin XCBuildConfiguration section */
		82043A971C54EF7D0097CF7F /* Debug */ = {
			isa = XCBuildConfiguration;
			buildSettings = {
				ALWAYS_SEARCH_USER_PATHS = NO;
				CLANG_CXX_LANGUAGE_STANDARD = "gnu++0x";
				CLANG_CXX_LIBRARY = "libc++";
				CLANG_ENABLE_MODULES = YES;
				CLANG_ENABLE_OBJC_ARC = YES;
				CLANG_WARN_BLOCK_CAPTURE_AUTORELEASING = YES;
				CLANG_WARN_BOOL_CONVERSION = YES;
				CLANG_WARN_COMMA = YES;
				CLANG_WARN_CONSTANT_CONVERSION = YES;
				CLANG_WARN_DEPRECATED_OBJC_IMPLEMENTATIONS = YES;
				CLANG_WARN_DIRECT_OBJC_ISA_USAGE = YES_ERROR;
				CLANG_WARN_EMPTY_BODY = YES;
				CLANG_WARN_ENUM_CONVERSION = YES;
				CLANG_WARN_INFINITE_RECURSION = YES;
				CLANG_WARN_INT_CONVERSION = YES;
				CLANG_WARN_NON_LITERAL_NULL_CONVERSION = YES;
				CLANG_WARN_OBJC_IMPLICIT_RETAIN_SELF = YES;
				CLANG_WARN_OBJC_LITERAL_CONVERSION = YES;
				CLANG_WARN_OBJC_ROOT_CLASS = YES_ERROR;
				CLANG_WARN_RANGE_LOOP_ANALYSIS = YES;
				CLANG_WARN_STRICT_PROTOTYPES = YES;
				CLANG_WARN_SUSPICIOUS_MOVE = YES;
				CLANG_WARN_UNREACHABLE_CODE = YES;
				CLANG_WARN__DUPLICATE_METHOD_MATCH = YES;
				"CODE_SIGN_IDENTITY[sdk=iphoneos*]" = "iPhone Developer";
				COPY_PHASE_STRIP = NO;
				DEBUG_INFORMATION_FORMAT = dwarf;
				ENABLE_STRICT_OBJC_MSGSEND = YES;
				ENABLE_TESTABILITY = YES;
				GCC_C_LANGUAGE_STANDARD = gnu99;
				GCC_DYNAMIC_NO_PIC = NO;
				GCC_NO_COMMON_BLOCKS = YES;
				GCC_OPTIMIZATION_LEVEL = 0;
				GCC_PREPROCESSOR_DEFINITIONS = (
					"DEBUG=1",
					"$(inherited)",
				);
				GCC_WARN_64_TO_32_BIT_CONVERSION = YES;
				GCC_WARN_ABOUT_RETURN_TYPE = YES_ERROR;
				GCC_WARN_UNDECLARED_SELECTOR = YES;
				GCC_WARN_UNINITIALIZED_AUTOS = YES_AGGRESSIVE;
				GCC_WARN_UNUSED_FUNCTION = YES;
				GCC_WARN_UNUSED_VARIABLE = YES;
				IPHONEOS_DEPLOYMENT_TARGET = 9.2;
				MTL_ENABLE_DEBUG_INFO = YES;
				ONLY_ACTIVE_ARCH = YES;
				SDKROOT = iphoneos;
				SWIFT_OPTIMIZATION_LEVEL = "-Onone";
				SWIFT_VERSION = 5.0;
			};
			name = Debug;
		};
		82043A981C54EF7D0097CF7F /* Release */ = {
			isa = XCBuildConfiguration;
			buildSettings = {
				ALWAYS_SEARCH_USER_PATHS = NO;
				CLANG_CXX_LANGUAGE_STANDARD = "gnu++0x";
				CLANG_CXX_LIBRARY = "libc++";
				CLANG_ENABLE_MODULES = YES;
				CLANG_ENABLE_OBJC_ARC = YES;
				CLANG_WARN_BLOCK_CAPTURE_AUTORELEASING = YES;
				CLANG_WARN_BOOL_CONVERSION = YES;
				CLANG_WARN_COMMA = YES;
				CLANG_WARN_CONSTANT_CONVERSION = YES;
				CLANG_WARN_DEPRECATED_OBJC_IMPLEMENTATIONS = YES;
				CLANG_WARN_DIRECT_OBJC_ISA_USAGE = YES_ERROR;
				CLANG_WARN_EMPTY_BODY = YES;
				CLANG_WARN_ENUM_CONVERSION = YES;
				CLANG_WARN_INFINITE_RECURSION = YES;
				CLANG_WARN_INT_CONVERSION = YES;
				CLANG_WARN_NON_LITERAL_NULL_CONVERSION = YES;
				CLANG_WARN_OBJC_IMPLICIT_RETAIN_SELF = YES;
				CLANG_WARN_OBJC_LITERAL_CONVERSION = YES;
				CLANG_WARN_OBJC_ROOT_CLASS = YES_ERROR;
				CLANG_WARN_RANGE_LOOP_ANALYSIS = YES;
				CLANG_WARN_STRICT_PROTOTYPES = YES;
				CLANG_WARN_SUSPICIOUS_MOVE = YES;
				CLANG_WARN_UNREACHABLE_CODE = YES;
				CLANG_WARN__DUPLICATE_METHOD_MATCH = YES;
				"CODE_SIGN_IDENTITY[sdk=iphoneos*]" = "iPhone Developer";
				COPY_PHASE_STRIP = NO;
				DEBUG_INFORMATION_FORMAT = "dwarf-with-dsym";
				ENABLE_NS_ASSERTIONS = NO;
				ENABLE_STRICT_OBJC_MSGSEND = YES;
				GCC_C_LANGUAGE_STANDARD = gnu99;
				GCC_NO_COMMON_BLOCKS = YES;
				GCC_WARN_64_TO_32_BIT_CONVERSION = YES;
				GCC_WARN_ABOUT_RETURN_TYPE = YES_ERROR;
				GCC_WARN_UNDECLARED_SELECTOR = YES;
				GCC_WARN_UNINITIALIZED_AUTOS = YES_AGGRESSIVE;
				GCC_WARN_UNUSED_FUNCTION = YES;
				GCC_WARN_UNUSED_VARIABLE = YES;
				IPHONEOS_DEPLOYMENT_TARGET = 9.2;
				MTL_ENABLE_DEBUG_INFO = NO;
				SDKROOT = iphoneos;
				SWIFT_COMPILATION_MODE = wholemodule;
				SWIFT_VERSION = 5.0;
				VALIDATE_PRODUCT = YES;
			};
			name = Release;
		};
		82043A9A1C54EF7D0097CF7F /* Debug */ = {
			isa = XCBuildConfiguration;
			baseConfigurationReference = 97E5ED852F2599DE645CBD05 /* Pods-Borders.debug.xcconfig */;
			buildSettings = {
				ASSETCATALOG_COMPILER_APPICON_NAME = AppIcon;
				INFOPLIST_FILE = Borders/Info.plist;
				LD_RUNPATH_SEARCH_PATHS = "$(inherited) @executable_path/Frameworks";
				PRODUCT_BUNDLE_IDENTIFIER = com.gonzalezreal.Borders;
				PRODUCT_NAME = "$(TARGET_NAME)";
				SWIFT_VERSION = 5.0;
			};
			name = Debug;
		};
		82043A9B1C54EF7D0097CF7F /* Release */ = {
			isa = XCBuildConfiguration;
			baseConfigurationReference = 641593A872A8C4C067C95395 /* Pods-Borders.release.xcconfig */;
			buildSettings = {
				ASSETCATALOG_COMPILER_APPICON_NAME = AppIcon;
				INFOPLIST_FILE = Borders/Info.plist;
				LD_RUNPATH_SEARCH_PATHS = "$(inherited) @executable_path/Frameworks";
				PRODUCT_BUNDLE_IDENTIFIER = com.gonzalezreal.Borders;
				PRODUCT_NAME = "$(TARGET_NAME)";
				SWIFT_VERSION = 5.0;
			};
			name = Release;
		};
		82043A9D1C54EF7D0097CF7F /* Debug */ = {
			isa = XCBuildConfiguration;
			baseConfigurationReference = 5C2E938776CDF78713D2857A /* Pods-BordersTests.debug.xcconfig */;
			buildSettings = {
				BUNDLE_LOADER = "$(TEST_HOST)";
				INFOPLIST_FILE = BordersTests/Info.plist;
				LD_RUNPATH_SEARCH_PATHS = "$(inherited) @executable_path/Frameworks @loader_path/Frameworks";
				PRODUCT_BUNDLE_IDENTIFIER = com.gonzalezreal.BordersTests;
				PRODUCT_NAME = "$(TARGET_NAME)";
				TEST_HOST = "$(BUILT_PRODUCTS_DIR)/Borders.app/Borders";
			};
			name = Debug;
		};
		82043A9E1C54EF7D0097CF7F /* Release */ = {
			isa = XCBuildConfiguration;
			baseConfigurationReference = EE728031EE8B72B668FB04C1 /* Pods-BordersTests.release.xcconfig */;
			buildSettings = {
				BUNDLE_LOADER = "$(TEST_HOST)";
				INFOPLIST_FILE = BordersTests/Info.plist;
				LD_RUNPATH_SEARCH_PATHS = "$(inherited) @executable_path/Frameworks @loader_path/Frameworks";
				PRODUCT_BUNDLE_IDENTIFIER = com.gonzalezreal.BordersTests;
				PRODUCT_NAME = "$(TARGET_NAME)";
				TEST_HOST = "$(BUILT_PRODUCTS_DIR)/Borders.app/Borders";
			};
			name = Release;
		};
/* End XCBuildConfiguration section */

/* Begin XCConfigurationList section */
		82043A771C54EF7D0097CF7F /* Build configuration list for PBXProject "Borders" */ = {
			isa = XCConfigurationList;
			buildConfigurations = (
				82043A971C54EF7D0097CF7F /* Debug */,
				82043A981C54EF7D0097CF7F /* Release */,
			);
			defaultConfigurationIsVisible = 0;
			defaultConfigurationName = Release;
		};
		82043A991C54EF7D0097CF7F /* Build configuration list for PBXNativeTarget "Borders" */ = {
			isa = XCConfigurationList;
			buildConfigurations = (
				82043A9A1C54EF7D0097CF7F /* Debug */,
				82043A9B1C54EF7D0097CF7F /* Release */,
			);
			defaultConfigurationIsVisible = 0;
			defaultConfigurationName = Release;
		};
		82043A9C1C54EF7D0097CF7F /* Build configuration list for PBXNativeTarget "BordersTests" */ = {
			isa = XCConfigurationList;
			buildConfigurations = (
				82043A9D1C54EF7D0097CF7F /* Debug */,
				82043A9E1C54EF7D0097CF7F /* Release */,
			);
			defaultConfigurationIsVisible = 0;
			defaultConfigurationName = Release;
		};
/* End XCConfigurationList section */
	};
	rootObject = 82043A741C54EF7D0097CF7F /* Project object */;
}
